
Microsoft Visual Studio Solution File, Format Version 12.00
# Visual Studio Version 16
VisualStudioVersion = 16.0.30804.86
MinimumVisualStudioVersion = 10.0.40219.1
Project("{FAE04EC0-301F-11D3-BF4B-00C04F79EFBC}") = "BigSchool2", "BigSchool2\BigSchool2.csproj", "{CD3AA7DF-63E0-42E5-8B8F-25BE39AA00C5}"
EndProject
Global
	GlobalSection(SolutionConfigurationPlatforms) = preSolution
		Debug|Any CPU = Debug|Any CPU
		Release|Any CPU = Release|Any CPU
	EndGlobalSection
	GlobalSection(ProjectConfigurationPlatforms) = postSolution
		{CD3AA7DF-63E0-42E5-8B8F-25BE39AA00C5}.Debug|Any CPU.ActiveCfg = Debug|Any CPU
		{CD3AA7DF-63E0-42E5-8B8F-25BE39AA00C5}.Debug|Any CPU.Build.0 = Debug|Any CPU
		{CD3AA7DF-63E0-42E5-8B8F-25BE39AA00C5}.Release|Any CPU.ActiveCfg = Release|Any CPU
		{CD3AA7DF-63E0-42E5-8B8F-25BE39AA00C5}.Release|Any CPU.Build.0 = Release|Any CPU
	EndGlobalSection
	GlobalSection(SolutionProperties) = preSolution
		HideSolutionNode = FALSE
	EndGlobalSection
	GlobalSection(ExtensibilityGlobals) = postSolution
		SolutionGuid = {E3934615-7E3D-4E2A-9292-66B2C756FFFD}
	EndGlobalSection
EndGlobal
